
Microsoft Visual Studio Solution File, Format Version 12.00
# Visual Studio Version 17
VisualStudioVersion = 17.0.31903.59
MinimumVisualStudioVersion = 10.0.40219.1
Project("{2150E333-8FDC-42A3-9474-1A3956D46DE8}") = "Solution Items", "Solution Items", "{8EC462FD-D22E-90A8-E5CE-7E832BA40C5D}"
	ProjectSection(SolutionItems) = preProject
		.gitignore = .gitignore
	EndProjectSection
EndProject
Project("{2150E333-8FDC-42A3-9474-1A3956D46DE8}") = "src", "src", "{02EA681E-C7D8-13C7-8484-4AC65E1B71E8}"
EndProject
Project("{FAE04EC0-301F-11D3-BF4B-00C04F79EFBC}") = "ModularWebApi.Host", "ModularWebApi\ModularWebApi.Host.csproj", "{DCF4A5E9-0318-AE18-DC60-5D1E6C4FD590}"
EndProject
Project("{FAE04EC0-301F-11D3-BF4B-00C04F79EFBC}") = "ModularWebApi.Core", "ModularWebApi.Core\ModularWebApi.Core.csproj", "{894A4994-C709-49FB-9DBE-6F5165897950}"
EndProject
Project("{FAE04EC0-301F-11D3-BF4B-00C04F79EFBC}") = "YourApp.Infrastructure", "YourApp.Infrastructure\YourApp.Infrastructure.csproj", "{421718C9-FB7C-4FEB-AA7A-827EB7D3991B}"
EndProject
Project("{2150E333-8FDC-42A3-9474-1A3956D46DE8}") = "ModularWebApi.Plugins", "ModularWebApi.Plugins", "{9D41AAE7-E9FC-495F-847A-0640EAD42F8F}"
EndProject
Project("{FAE04EC0-301F-11D3-BF4B-00C04F79EFBC}") = "ModularWebApi.Plugin.Module1", "ModularWebApi.Plugin.Module1\ModularWebApi.Plugin.Module1.csproj", "{B876BDF2-6893-4AA7-97DA-5F32E1F76B5A}"
EndProject
Project("{FAE04EC0-301F-11D3-BF4B-00C04F79EFBC}") = "ModularWebApi.Plugin.Module2", "ModularWebApi.Plugin.Module2\ModularWebApi.Plugin.Module2.csproj", "{3962FADC-BBEA-47BB-AE0D-2F3FA58FFEF7}"
EndProject
Global
	GlobalSection(SolutionConfigurationPlatforms) = preSolution
		Debug|Any CPU = Debug|Any CPU
		Release|Any CPU = Release|Any CPU
	EndGlobalSection
	GlobalSection(ProjectConfigurationPlatforms) = postSolution
		{DCF4A5E9-0318-AE18-DC60-5D1E6C4FD590}.Debug|Any CPU.ActiveCfg = Debug|Any CPU
		{DCF4A5E9-0318-AE18-DC60-5D1E6C4FD590}.Debug|Any CPU.Build.0 = Debug|Any CPU
		{DCF4A5E9-0318-AE18-DC60-5D1E6C4FD590}.Release|Any CPU.ActiveCfg = Release|Any CPU
		{DCF4A5E9-0318-AE18-DC60-5D1E6C4FD590}.Release|Any CPU.Build.0 = Release|Any CPU
		{894A4994-C709-49FB-9DBE-6F5165897950}.Debug|Any CPU.ActiveCfg = Debug|Any CPU
		{894A4994-C709-49FB-9DBE-6F5165897950}.Debug|Any CPU.Build.0 = Debug|Any CPU
		{894A4994-C709-49FB-9DBE-6F5165897950}.Release|Any CPU.ActiveCfg = Release|Any CPU
		{894A4994-C709-49FB-9DBE-6F5165897950}.Release|Any CPU.Build.0 = Release|Any CPU
		{421718C9-FB7C-4FEB-AA7A-827EB7D3991B}.Debug|Any CPU.ActiveCfg = Debug|Any CPU
		{421718C9-FB7C-4FEB-AA7A-827EB7D3991B}.Debug|Any CPU.Build.0 = Debug|Any CPU
		{421718C9-FB7C-4FEB-AA7A-827EB7D3991B}.Release|Any CPU.ActiveCfg = Release|Any CPU
		{421718C9-FB7C-4FEB-AA7A-827EB7D3991B}.Release|Any CPU.Build.0 = Release|Any CPU
		{B876BDF2-6893-4AA7-97DA-5F32E1F76B5A}.Debug|Any CPU.ActiveCfg = Debug|Any CPU
		{B876BDF2-6893-4AA7-97DA-5F32E1F76B5A}.Debug|Any CPU.Build.0 = Debug|Any CPU
		{B876BDF2-6893-4AA7-97DA-5F32E1F76B5A}.Release|Any CPU.ActiveCfg = Release|Any CPU
		{B876BDF2-6893-4AA7-97DA-5F32E1F76B5A}.Release|Any CPU.Build.0 = Release|Any CPU
		{3962FADC-BBEA-47BB-AE0D-2F3FA58FFEF7}.Debug|Any CPU.ActiveCfg = Debug|Any CPU
		{3962FADC-BBEA-47BB-AE0D-2F3FA58FFEF7}.Debug|Any CPU.Build.0 = Debug|Any CPU
		{3962FADC-BBEA-47BB-AE0D-2F3FA58FFEF7}.Release|Any CPU.ActiveCfg = Release|Any CPU
		{3962FADC-BBEA-47BB-AE0D-2F3FA58FFEF7}.Release|Any CPU.Build.0 = Release|Any CPU
	EndGlobalSection
	GlobalSection(SolutionProperties) = preSolution
		HideSolutionNode = FALSE
	EndGlobalSection
	GlobalSection(NestedProjects) = preSolution
		{DCF4A5E9-0318-AE18-DC60-5D1E6C4FD590} = {02EA681E-C7D8-13C7-8484-4AC65E1B71E8}
		{894A4994-C709-49FB-9DBE-6F5165897950} = {02EA681E-C7D8-13C7-8484-4AC65E1B71E8}
		{421718C9-FB7C-4FEB-AA7A-827EB7D3991B} = {02EA681E-C7D8-13C7-8484-4AC65E1B71E8}
		{9D41AAE7-E9FC-495F-847A-0640EAD42F8F} = {02EA681E-C7D8-13C7-8484-4AC65E1B71E8}
		{B876BDF2-6893-4AA7-97DA-5F32E1F76B5A} = {9D41AAE7-E9FC-495F-847A-0640EAD42F8F}
		{3962FADC-BBEA-47BB-AE0D-2F3FA58FFEF7} = {9D41AAE7-E9FC-495F-847A-0640EAD42F8F}
	EndGlobalSection
	GlobalSection(ExtensibilityGlobals) = postSolution
		SolutionGuid = {D1A32149-9C23-4855-BA41-61288031E37F}
	EndGlobalSection
EndGlobal
